
Microsoft Visual Studio Solution File, Format Version 12.00
# Visual Studio 15
VisualStudioVersion = 15.0.27130.2027
MinimumVisualStudioVersion = 10.0.40219.1
Project("{FAE04EC0-301F-11D3-BF4B-00C04F79EFBC}") = "Relationship", "Relationship\Relationship.csproj", "{47A4623F-BEF4-4737-A09D-D33784657956}"
EndProject
Global
	GlobalSection(SolutionConfigurationPlatforms) = preSolution
		Debug|Any CPU = Debug|Any CPU
		Release|Any CPU = Release|Any CPU
	EndGlobalSection
	GlobalSection(ProjectConfigurationPlatforms) = postSolution
		{47A4623F-BEF4-4737-A09D-D33784657956}.Debug|Any CPU.ActiveCfg = Debug|Any CPU
		{47A4623F-BEF4-4737-A09D-D33784657956}.Debug|Any CPU.Build.0 = Debug|Any CPU
		{47A4623F-BEF4-4737-A09D-D33784657956}.Release|Any CPU.ActiveCfg = Release|Any CPU
		{47A4623F-BEF4-4737-A09D-D33784657956}.Release|Any CPU.Build.0 = Release|Any CPU
	EndGlobalSection
	GlobalSection(SolutionProperties) = preSolution
		HideSolutionNode = FALSE
	EndGlobalSection
	GlobalSection(ExtensibilityGlobals) = postSolution
		SolutionGuid = {48386C6E-D40C-498E-B936-EF4B28EE3DF7}
	EndGlobalSection
EndGlobal
